// !$*UTF8*$!
{
	archiveVersion = 1;
	classes = {
	};
	objectVersion = 56;
	objects = {

/* Begin PBXBuildFile section */
		6A2A00000000000000000001 /* AIStableDiffusionIOSApp.swift in Sources */ = {isa = PBXBuildFile; fileRef = 6A2A00000000000000000002 /* AIStableDiffusionIOSApp.swift */; };
		6A2A00000000000000000003 /* ComposeView.swift in Sources */ = {isa = PBXBuildFile; fileRef = 6A2A00000000000000000004 /* ComposeView.swift */; };
		6A2A00000000000000000014 /* Assets.xcassets in Resources */ = {isa = PBXBuildFile; fileRef = 6A2A00000000000000000015 /* Assets.xcassets */; };
		6A2A00000000000000000020 /* SiliconDiffusionCoreMLRuntime.swift in Sources */ = {isa = PBXBuildFile; fileRef = 6A2A00000000000000000023 /* SiliconDiffusionCoreMLRuntime.swift */; };
		6A2A00000000000000000021 /* SiliconDiffusionCoreML in Frameworks */ = {isa = PBXBuildFile; productRef = 6A2A00000000000000000026 /* SiliconDiffusionCoreML */; };
		6A2A00000000000000000030 /* SiliconDiffusionBonsaiRuntime.swift in Sources */ = {isa = PBXBuildFile; fileRef = 6A2A00000000000000000032 /* SiliconDiffusionBonsaiRuntime.swift */; };
		6A2A00000000000000000031 /* SiliconDiffusionBonsai in Frameworks */ = {isa = PBXBuildFile; productRef = 6A2A00000000000000000035 /* SiliconDiffusionBonsai */; };
/* End PBXBuildFile section */

/* Begin PBXFileReference section */
		6A2A00000000000000000002 /* AIStableDiffusionIOSApp.swift */ = {isa = PBXFileReference; lastKnownFileType = sourcecode.swift; path = AIStableDiffusionIOSApp.swift; sourceTree = "<group>"; };
		6A2A00000000000000000004 /* ComposeView.swift */ = {isa = PBXFileReference; lastKnownFileType = sourcecode.swift; path = ComposeView.swift; sourceTree = "<group>"; };
		6A2A00000000000000000005 /* iosApp.app */ = {isa = PBXFileReference; explicitFileType = wrapper.application; includeInIndex = 0; path = iosApp.app; sourceTree = BUILT_PRODUCTS_DIR; };
		6A2A00000000000000000015 /* Assets.xcassets */ = {isa = PBXFileReference; lastKnownFileType = folder.assetcatalog; path = Assets.xcassets; sourceTree = "<group>"; };
		6A2A00000000000000000017 /* Info.plist */ = {isa = PBXFileReference; lastKnownFileType = text.plist.xml; path = Info.plist; sourceTree = "<group>"; };
		6A2A00000000000000000023 /* SiliconDiffusionCoreMLRuntime.swift */ = {isa = PBXFileReference; lastKnownFileType = sourcecode.swift; path = SiliconDiffusionCoreMLRuntime.swift; sourceTree = "<group>"; };
		6A2A00000000000000000032 /* SiliconDiffusionBonsaiRuntime.swift */ = {isa = PBXFileReference; lastKnownFileType = sourcecode.swift; path = SiliconDiffusionBonsaiRuntime.swift; sourceTree = "<group>"; };
/* End PBXFileReference section */

/* Begin PBXFrameworksBuildPhase section */
		6A2A00000000000000000006 /* Frameworks */ = {
			isa = PBXFrameworksBuildPhase;
			buildActionMask = 2147483647;
			files = (
				6A2A00000000000000000031 /* SiliconDiffusionBonsai in Frameworks */,
				6A2A00000000000000000021 /* SiliconDiffusionCoreML in Frameworks */,
			);
			runOnlyForDeploymentPostprocessing = 0;
		};
/* End PBXFrameworksBuildPhase section */

/* Begin PBXGroup section */
		6A2A00000000000000000007 = {
			isa = PBXGroup;
			children = (
				6A2A00000000000000000008 /* iosApp */,
				6A2A00000000000000000033 /* Bonsai Swift */,
				6A2A00000000000000000028 /* CoreML Swift */,
				6A2A00000000000000000009 /* Products */,
			);
			sourceTree = "<group>";
		};
		6A2A00000000000000000008 /* iosApp */ = {
			isa = PBXGroup;
			children = (
				6A2A00000000000000000002 /* AIStableDiffusionIOSApp.swift */,
				6A2A00000000000000000004 /* ComposeView.swift */,
				6A2A00000000000000000015 /* Assets.xcassets */,
				6A2A00000000000000000017 /* Info.plist */,
			);
			path = iosApp;
			sourceTree = "<group>";
		};
		6A2A00000000000000000009 /* Products */ = {
			isa = PBXGroup;
			children = (
				6A2A00000000000000000005 /* iosApp.app */,
			);
			name = Products;
			sourceTree = "<group>";
		};
		6A2A00000000000000000028 /* CoreML Swift */ = {
			isa = PBXGroup;
			children = (
				6A2A00000000000000000023 /* SiliconDiffusionCoreMLRuntime.swift */,
			);
			name = "CoreML Swift";
			path = "../../feature/coreml/swift/AppBridge";
			sourceTree = "<group>";
		};
		6A2A00000000000000000033 /* Bonsai Swift */ = {
			isa = PBXGroup;
			children = (
				6A2A00000000000000000032 /* SiliconDiffusionBonsaiRuntime.swift */,
			);
			name = "Bonsai Swift";
			path = "../../feature/bonsai/swift/AppBridge";
			sourceTree = "<group>";
		};
/* End PBXGroup section */

/* Begin PBXNativeTarget section */
		6A2A0000000000000000000A /* iosApp */ = {
			isa = PBXNativeTarget;
			buildConfigurationList = 6A2A0000000000000000000B /* Build configuration list for PBXNativeTarget "iosApp" */;
			buildPhases = (
				6A2A0000000000000000000C /* Build KMP Framework */,
				6A2A0000000000000000000D /* Sources */,
				6A2A00000000000000000006 /* Frameworks */,
				6A2A00000000000000000016 /* Resources */,
			);
			buildRules = (
			);
			dependencies = (
			);
			name = iosApp;
			packageProductDependencies = (
				6A2A00000000000000000035 /* SiliconDiffusionBonsai */,
				6A2A00000000000000000026 /* SiliconDiffusionCoreML */,
			);
			productName = iosApp;
			productReference = 6A2A00000000000000000005 /* iosApp.app */;
			productType = "com.apple.product-type.application";
		};
/* End PBXNativeTarget section */

/* Begin PBXProject section */
		6A2A0000000000000000000E /* Project object */ = {
			isa = PBXProject;
			attributes = {
				BuildIndependentTargetsInParallel = 1;
				LastSwiftUpdateCheck = 1540;
				LastUpgradeCheck = 1540;
				TargetAttributes = {
					6A2A0000000000000000000A = {
						CreatedOnToolsVersion = 15.4;
					};
				};
			};
			buildConfigurationList = 6A2A0000000000000000000F /* Build configuration list for PBXProject "iosApp" */;
			compatibilityVersion = "Xcode 14.0";
			developmentRegion = en;
			hasScannedForEncodings = 0;
			knownRegions = (
				en,
				Base,
			);
			mainGroup = 6A2A00000000000000000007;
			packageReferences = (
				6A2A00000000000000000034 /* XCLocalSwiftPackageReference "SiliconDiffusionBonsai" */,
				6A2A00000000000000000024 /* XCLocalSwiftPackageReference "SiliconDiffusionCoreML" */,
			);
			productRefGroup = 6A2A00000000000000000009 /* Products */;
			projectDirPath = "";
			projectRoot = "";
			targets = (
				6A2A0000000000000000000A /* iosApp */,
			);
		};
/* End PBXProject section */

/* Begin PBXResourcesBuildPhase section */
		6A2A00000000000000000016 /* Resources */ = {
			isa = PBXResourcesBuildPhase;
			buildActionMask = 2147483647;
			files = (
				6A2A00000000000000000014 /* Assets.xcassets in Resources */,
			);
			runOnlyForDeploymentPostprocessing = 0;
		};
/* End PBXResourcesBuildPhase section */

/* Begin PBXShellScriptBuildPhase section */
		6A2A0000000000000000000C /* Build KMP Framework */ = {
			isa = PBXShellScriptBuildPhase;
			alwaysOutOfDate = 1;
			buildActionMask = 2147483647;
			files = (
			);
			inputFileListPaths = (
			);
			inputPaths = (
			);
			name = "Build KMP Framework";
			outputFileListPaths = (
			);
			outputPaths = (
			);
			runOnlyForDeploymentPostprocessing = 0;
			shellPath = /bin/sh;
			shellScript = "cd \"$SRCROOT/../..\"\nSDAI_GRADLE_JVMARGS=\"${SDAI_GRADLE_JVMARGS:--Xmx8g -XX:MaxMetaspaceSize=1536m -Dfile.encoding=UTF-8}\"\nSDAI_GRADLE_MAX_WORKERS=\"${SDAI_GRADLE_MAX_WORKERS:-2}\"\n./gradlew :presentation:embedAndSignAppleFrameworkForXcode \\\n  --no-daemon \\\n  --max-workers=\"$SDAI_GRADLE_MAX_WORKERS\" \\\n  -Dorg.gradle.jvmargs=\"$SDAI_GRADLE_JVMARGS\" \\\n  -Dorg.gradle.workers.max=\"$SDAI_GRADLE_MAX_WORKERS\"\n";
		};
/* End PBXShellScriptBuildPhase section */

/* Begin PBXSourcesBuildPhase section */
		6A2A0000000000000000000D /* Sources */ = {
			isa = PBXSourcesBuildPhase;
			buildActionMask = 2147483647;
			files = (
				6A2A00000000000000000001 /* AIStableDiffusionIOSApp.swift in Sources */,
				6A2A00000000000000000003 /* ComposeView.swift in Sources */,
				6A2A00000000000000000030 /* SiliconDiffusionBonsaiRuntime.swift in Sources */,
				6A2A00000000000000000020 /* SiliconDiffusionCoreMLRuntime.swift in Sources */,
			);
			runOnlyForDeploymentPostprocessing = 0;
		};
/* End PBXSourcesBuildPhase section */

/* Begin XCBuildConfiguration section */
		6A2A00000000000000000010 /* Debug */ = {
			isa = XCBuildConfiguration;
			buildSettings = {
				ALWAYS_SEARCH_USER_PATHS = NO;
				CLANG_ANALYZER_NONNULL = YES;
				CLANG_ANALYZER_NUMBER_OBJECT_CONVERSION = YES_AGGRESSIVE;
				CLANG_CXX_LANGUAGE_STANDARD = "gnu++20";
				CLANG_ENABLE_MODULES = YES;
				CLANG_ENABLE_OBJC_ARC = YES;
				CLANG_ENABLE_OBJC_WEAK = YES;
				CLANG_WARN_BLOCK_CAPTURE_AUTORELEASING = YES;
				CLANG_WARN_BOOL_CONVERSION = YES;
				CLANG_WARN_COMMA = YES;
				CLANG_WARN_CONSTANT_CONVERSION = YES;
				CLANG_WARN_DEPRECATED_OBJC_IMPLEMENTATIONS = YES;
				CLANG_WARN_DIRECT_OBJC_ISA_USAGE = YES_ERROR;
				CLANG_WARN_DOCUMENTATION_COMMENTS = YES;
				CLANG_WARN_EMPTY_BODY = YES;
				CLANG_WARN_ENUM_CONVERSION = YES;
				CLANG_WARN_INFINITE_RECURSION = YES;
				CLANG_WARN_INT_CONVERSION = YES;
				CLANG_WARN_NON_LITERAL_NULL_CONVERSION = YES;
				CLANG_WARN_OBJC_IMPLICIT_RETAIN_SELF = YES;
				CLANG_WARN_OBJC_LITERAL_CONVERSION = YES;
				CLANG_WARN_OBJC_ROOT_CLASS = YES_ERROR;
				CLANG_WARN_QUOTED_INCLUDE_IN_FRAMEWORK_HEADER = YES;
				CLANG_WARN_RANGE_LOOP_ANALYSIS = YES;
				CLANG_WARN_STRICT_PROTOTYPES = YES;
				CLANG_WARN_SUSPICIOUS_MOVE = YES;
				CLANG_WARN_UNGUARDED_AVAILABILITY = YES_AGGRESSIVE;
				CLANG_WARN_UNREACHABLE_CODE = YES;
				CLANG_WARN__DUPLICATE_METHOD_MATCH = YES;
				COPY_PHASE_STRIP = NO;
				DEBUG_INFORMATION_FORMAT = dwarf;
				ENABLE_STRICT_OBJC_MSGSEND = YES;
				ENABLE_TESTABILITY = YES;
				ENABLE_USER_SCRIPT_SANDBOXING = NO;
				GCC_C_LANGUAGE_STANDARD = gnu17;
				GCC_DYNAMIC_NO_PIC = NO;
				GCC_NO_COMMON_BLOCKS = YES;
				GCC_OPTIMIZATION_LEVEL = 0;
				GCC_PREPROCESSOR_DEFINITIONS = (
					"DEBUG=1",
					"$(inherited)",
				);
				GCC_WARN_64_TO_32_BIT_CONVERSION = YES;
				GCC_WARN_ABOUT_RETURN_TYPE = YES_ERROR;
				GCC_WARN_UNDECLARED_SELECTOR = YES;
				GCC_WARN_UNINITIALIZED_AUTOS = YES_AGGRESSIVE;
				GCC_WARN_UNUSED_FUNCTION = YES;
				GCC_WARN_UNUSED_VARIABLE = YES;
				IPHONEOS_DEPLOYMENT_TARGET = 17.0;
				MTL_ENABLE_DEBUG_INFO = INCLUDE_SOURCE;
				MTL_FAST_MATH = YES;
				ONLY_ACTIVE_ARCH = YES;
				SDKROOT = iphoneos;
				SWIFT_ACTIVE_COMPILATION_CONDITIONS = DEBUG;
				SWIFT_OPTIMIZATION_LEVEL = "-Onone";
			};
			name = Debug;
		};
		6A2A00000000000000000011 /* Release */ = {
			isa = XCBuildConfiguration;
			buildSettings = {
				ALWAYS_SEARCH_USER_PATHS = NO;
				CLANG_ANALYZER_NONNULL = YES;
				CLANG_ANALYZER_NUMBER_OBJECT_CONVERSION = YES_AGGRESSIVE;
				CLANG_CXX_LANGUAGE_STANDARD = "gnu++20";
				CLANG_ENABLE_MODULES = YES;
				CLANG_ENABLE_OBJC_ARC = YES;
				CLANG_ENABLE_OBJC_WEAK = YES;
				CLANG_WARN_BLOCK_CAPTURE_AUTORELEASING = YES;
				CLANG_WARN_BOOL_CONVERSION = YES;
				CLANG_WARN_COMMA = YES;
				CLANG_WARN_CONSTANT_CONVERSION = YES;
				CLANG_WARN_DEPRECATED_OBJC_IMPLEMENTATIONS = YES;
				CLANG_WARN_DIRECT_OBJC_ISA_USAGE = YES_ERROR;
				CLANG_WARN_DOCUMENTATION_COMMENTS = YES;
				CLANG_WARN_EMPTY_BODY = YES;
				CLANG_WARN_ENUM_CONVERSION = YES;
				CLANG_WARN_INFINITE_RECURSION = YES;
				CLANG_WARN_INT_CONVERSION = YES;
				CLANG_WARN_NON_LITERAL_NULL_CONVERSION = YES;
				CLANG_WARN_OBJC_IMPLICIT_RETAIN_SELF = YES;
				CLANG_WARN_OBJC_LITERAL_CONVERSION = YES;
				CLANG_WARN_OBJC_ROOT_CLASS = YES_ERROR;
				CLANG_WARN_QUOTED_INCLUDE_IN_FRAMEWORK_HEADER = YES;
				CLANG_WARN_RANGE_LOOP_ANALYSIS = YES;
				CLANG_WARN_STRICT_PROTOTYPES = YES;
				CLANG_WARN_SUSPICIOUS_MOVE = YES;
				CLANG_WARN_UNGUARDED_AVAILABILITY = YES_AGGRESSIVE;
				CLANG_WARN_UNREACHABLE_CODE = YES;
				CLANG_WARN__DUPLICATE_METHOD_MATCH = YES;
				COPY_PHASE_STRIP = NO;
				DEBUG_INFORMATION_FORMAT = "dwarf-with-dsym";
				ENABLE_NS_ASSERTIONS = NO;
				ENABLE_STRICT_OBJC_MSGSEND = YES;
				ENABLE_USER_SCRIPT_SANDBOXING = NO;
				GCC_C_LANGUAGE_STANDARD = gnu17;
				GCC_NO_COMMON_BLOCKS = YES;
				GCC_WARN_64_TO_32_BIT_CONVERSION = YES;
				GCC_WARN_ABOUT_RETURN_TYPE = YES_ERROR;
				GCC_WARN_UNDECLARED_SELECTOR = YES;
				GCC_WARN_UNINITIALIZED_AUTOS = YES_AGGRESSIVE;
				GCC_WARN_UNUSED_FUNCTION = YES;
				GCC_WARN_UNUSED_VARIABLE = YES;
				IPHONEOS_DEPLOYMENT_TARGET = 17.0;
				MTL_ENABLE_DEBUG_INFO = NO;
				MTL_FAST_MATH = YES;
				SDKROOT = iphoneos;
				SWIFT_COMPILATION_MODE = wholemodule;
				VALIDATE_PRODUCT = YES;
			};
			name = Release;
		};
		6A2A00000000000000000012 /* Debug */ = {
			isa = XCBuildConfiguration;
			buildSettings = {
				ASSETCATALOG_COMPILER_APPICON_NAME = AppIcon;
				CODE_SIGN_IDENTITY = "Apple Development";
				CODE_SIGN_STYLE = Automatic;
				CURRENT_PROJECT_VERSION = 202;
				DEVELOPMENT_TEAM = 383EQFRA4A;
				ENABLE_PREVIEWS = YES;
				FRAMEWORK_SEARCH_PATHS = (
					"$(inherited)",
					"$(SRCROOT)/../../presentation/build/xcode-frameworks/$(CONFIGURATION)/$(SDK_NAME)",
				);
				GENERATE_INFOPLIST_FILE = NO;
				INFOPLIST_FILE = iosApp/Info.plist;
				INFOPLIST_KEY_CFBundleDisplayName = SDAI;
				INFOPLIST_KEY_LSApplicationCategoryType = "public.app-category.photography";
				LD_RUNPATH_SEARCH_PATHS = (
					"$(inherited)",
					"@executable_path/Frameworks",
				);
				MARKETING_VERSION = 1.0.0;
				OTHER_LDFLAGS = (
					"$(inherited)",
					"-framework",
					AiSdPresentation,
				);
				PRODUCT_BUNDLE_IDENTIFIER = com.shifthackz.aisdv1.app;
				PRODUCT_NAME = "$(TARGET_NAME)";
				SUPPORTED_PLATFORMS = "iphoneos iphonesimulator";
				SWIFT_EMIT_LOC_STRINGS = YES;
				SWIFT_VERSION = 5.0;
				TARGETED_DEVICE_FAMILY = 1;
			};
			name = Debug;
		};
		6A2A00000000000000000013 /* Release */ = {
			isa = XCBuildConfiguration;
			buildSettings = {
				ASSETCATALOG_COMPILER_APPICON_NAME = AppIcon;
				CODE_SIGN_IDENTITY = "Apple Development";
				CODE_SIGN_STYLE = Automatic;
				CURRENT_PROJECT_VERSION = 202;
				DEVELOPMENT_TEAM = 383EQFRA4A;
				ENABLE_PREVIEWS = YES;
				FRAMEWORK_SEARCH_PATHS = (
					"$(inherited)",
					"$(SRCROOT)/../../presentation/build/xcode-frameworks/$(CONFIGURATION)/$(SDK_NAME)",
				);
				GENERATE_INFOPLIST_FILE = NO;
				INFOPLIST_FILE = iosApp/Info.plist;
				INFOPLIST_KEY_CFBundleDisplayName = SDAI;
				INFOPLIST_KEY_LSApplicationCategoryType = "public.app-category.photography";
				LD_RUNPATH_SEARCH_PATHS = (
					"$(inherited)",
					"@executable_path/Frameworks",
				);
				MARKETING_VERSION = 1.0.0;
				OTHER_LDFLAGS = (
					"$(inherited)",
					"-framework",
					AiSdPresentation,
				);
				PRODUCT_BUNDLE_IDENTIFIER = com.shifthackz.aisdv1.app;
				PRODUCT_NAME = "$(TARGET_NAME)";
				SUPPORTED_PLATFORMS = "iphoneos iphonesimulator";
				SWIFT_EMIT_LOC_STRINGS = YES;
				SWIFT_VERSION = 5.0;
				TARGETED_DEVICE_FAMILY = 1;
			};
			name = Release;
		};
/* End XCBuildConfiguration section */

/* Begin XCConfigurationList section */
		6A2A0000000000000000000B /* Build configuration list for PBXNativeTarget "iosApp" */ = {
			isa = XCConfigurationList;
			buildConfigurations = (
				6A2A00000000000000000012 /* Debug */,
				6A2A00000000000000000013 /* Release */,
			);
			defaultConfigurationIsVisible = 0;
			defaultConfigurationName = Release;
		};
		6A2A0000000000000000000F /* Build configuration list for PBXProject "iosApp" */ = {
			isa = XCConfigurationList;
			buildConfigurations = (
				6A2A00000000000000000010 /* Debug */,
				6A2A00000000000000000011 /* Release */,
			);
			defaultConfigurationIsVisible = 0;
			defaultConfigurationName = Release;
		};
/* End XCConfigurationList section */

/* Begin XCLocalSwiftPackageReference section */
		6A2A00000000000000000024 /* XCLocalSwiftPackageReference "SiliconDiffusionCoreML" */ = {
			isa = XCLocalSwiftPackageReference;
			name = SiliconDiffusionCoreML;
			relativePath = "../../feature/coreml/swift";
		};
		6A2A00000000000000000034 /* XCLocalSwiftPackageReference "SiliconDiffusionBonsai" */ = {
			isa = XCLocalSwiftPackageReference;
			name = SiliconDiffusionBonsai;
			relativePath = "../../feature/bonsai";
		};
/* End XCLocalSwiftPackageReference section */

/* Begin XCSwiftPackageProductDependency section */
		6A2A00000000000000000026 /* SiliconDiffusionCoreML */ = {
			isa = XCSwiftPackageProductDependency;
			package = 6A2A00000000000000000024 /* XCLocalSwiftPackageReference "SiliconDiffusionCoreML" */;
			productName = SiliconDiffusionCoreML;
		};
		6A2A00000000000000000035 /* SiliconDiffusionBonsai */ = {
			isa = XCSwiftPackageProductDependency;
			package = 6A2A00000000000000000034 /* XCLocalSwiftPackageReference "SiliconDiffusionBonsai" */;
			productName = SiliconDiffusionBonsai;
		};
/* End XCSwiftPackageProductDependency section */
	};
	rootObject = 6A2A0000000000000000000E /* Project object */;
}
